// Sample from Carbon PR 22548
// Original file: yarn.lock
// Status: modified
// Changes: +3/-3

@@ -15528,13 +15528,13 @@ __metadata:
   linkType: hard
 
 "js-yaml@npm:^4.1.0, js-yaml@npm:^4.1.1":
-  version: 4.2.0
-  resolution: "js-yaml@npm:4.2.0"
+  version: 4.3.0
+  resolution: "js-yaml@npm:4.3.0"
   dependencies:
     argparse: "npm:^2.0.1"
   bin:
     js-yaml: bin/js-yaml.js
-  checksum: 10/51de2067a2b44b07ba5206132e56005f8b568ff279bb4d2f645068958c56fa4827d40a6841c983234671fa0a134bf094d0b0717873c2a3d319185297af145a6d
+  checksum: 10/2bcec3a8118d7f744badeb04e14366578d234a736f353d41fe35d2305e4ce2409a8e041d277f07cd6bbc8aaa12128d650a68ce43247072519bede20962d2126f
   languageName: node
   linkType: hard
 
